<?xml version="1.0" encoding="utf-8"?>
<Project ToolsVersion="4.0" xmlns="http://schemas.microsoft.com/developer/msbuild/2003">
  <ItemGroup>
    <FxCompile Include="Resources\shaders\BasicPS.hlsl" />
    <FxCompile Include="Resources\shaders\BasicVS.hlsl" />
    <FxCompile Include="Resources\shaders\FBXPS.hlsl" />
    <FxCompile Include="Resources\shaders\FBXPS_Simple.hlsl" />
    <FxCompile Include="Resources\shaders\FBXVS.hlsl" />
    <FxCompile Include="Resources\shaders\OBJPS.hlsl" />
    <FxCompile Include="Resources\shaders\OBJVS.hlsl" />
    <FxCompile Include="Resources\shaders\PostEffectTestPS.hlsl" />
    <FxCompile Include="Resources\shaders\PostEffectTestVS.hlsl" />
    <FxCompile Include="Resources\shaders\SpritePS.hlsl" />
    <FxCompile Include="Resources\shaders\SpriteVS.hlsl" />
  </ItemGroup>
  <ItemGroup>
    <ClCompile Include="2D\Debug_Text.cpp" />
    <ClCompile Include="2D\PostEffect.cpp" />
    <ClCompile Include="2D\SpriteCommon.cpp" />
    <ClCompile Include="2D\SpriteSingleunit.cpp" />
    <ClCompile Include="3D\3Dobject.cpp" />
    <ClCompile Include="3D\Collision.cpp" />
    <ClCompile Include="3D\CollisionPrimitive.cpp" />
    <ClCompile Include="3D\ObjectCommon.cpp" />
    <ClCompile Include="Audio\Audio.cpp" />
    <ClCompile Include="Base\DirectX_Base.cpp" />
    <ClCompile Include="Base\Fps_Manager.cpp" />
    <ClCompile Include="Base\TexManager.cpp" />
    <ClCompile Include="Base\WindowGenerate.cpp" />
    <ClCompile Include="camera\Camera.cpp" />
    <ClCompile Include="camera\FollowCamera.cpp" />
    <ClCompile Include="FbxLoder\FbxLoader.cpp" />
    <ClCompile Include="FbxLoder\Model.cpp" />
    <ClCompile Include="FbxLoder\Object3d_FBX.cpp" />
    <ClCompile Include="Input\dxInput.cpp" />
    <ClCompile Include="main.cpp" />
    <ClCompile Include="Physics.cpp" />
    <ClCompile Include="Player\Bullets.cpp" />
    <ClCompile Include="Player\Enemy.cpp" />
    <ClCompile Include="Player\Player.cpp" />
    <ClCompile Include="Scene\GameScene.cpp" />
    <ClCompile Include="2D\Primitive2D.cpp" />
    <ClCompile Include="Base\easing.cpp" />
  </ItemGroup>
  <ItemGroup>
    <ClInclude Include="2D\Debug_Text.h" />
    <ClInclude Include="2D\PostEffect.h" />
    <ClInclude Include="2D\SpriteCommon.h" />
    <ClInclude Include="2D\SpriteSingleunit.h" />
    <ClInclude Include="3D\3Dobject.h" />
    <ClInclude Include="3D\Collision.h" />
    <ClInclude Include="3D\CollisionPrimitive.h" />
    <ClInclude Include="3D\ObjectCommon.h" />
    <ClInclude Include="Audio\Audio.h" />
    <ClInclude Include="Base\DirectX_Base.h" />
    <ClInclude Include="Base\Fps_Manager.h" />
    <ClInclude Include="Base\TexManager.h" />
    <ClInclude Include="Base\WindowGenerate.h" />
    <ClInclude Include="camera\Camera.h" />
    <ClInclude Include="camera\FollowCamera.h" />
    <ClInclude Include="FbxLoder\FbxLoader.h" />
    <ClInclude Include="FbxLoder\Model.h" />
    <ClInclude Include="FbxLoder\Object3d_FBX.h" />
    <ClInclude Include="Input\dxInput.h" />
    <ClInclude Include="Physics.h" />
    <ClInclude Include="Player\Bullets.h" />
    <ClInclude Include="Player\Enemy.h" />
    <ClInclude Include="Player\Player.h" />
    <ClInclude Include="Scene\GameScene.h" />
    <ClInclude Include="2D\Primitive2D.h" />
    <ClInclude Include="Base\easing.h" />
  </ItemGroup>
  <ItemGroup>
    <None Include="Resources\shaders\Basic.hlsli" />
    <None Include="Resources\shaders\FBX.hlsli" />
    <None Include="Resources\shaders\OBJ.hlsli" />
    <None Include="Resources\shaders\PostEffectTest.hlsli" />
    <None Include="Resources\shaders\Sprite.hlsli" />
  </ItemGroup>
</Project>